
Microsoft Visual Studio Solution File, Format Version 12.00
# Visual Studio Version 17
VisualStudioVersion = 17.9.34728.123
MinimumVisualStudioVersion = 10.0.40219.1
Project("{9A19103F-16F7-4668-BE54-9A1E7A4F7556}") = "AppGallery", "AppGallery\AppGallery.csproj", "{6C6EFA7A-C47E-4E53-A731-3C0270907F37}"
EndProject
Project("{2150E333-8FDC-42A3-9474-1A3956D46DE8}") = "App02", "App02", "{8D83AA35-6CA7-4B9E-B818-3CEC9D8F7530}"
EndProject
Project("{9A19103F-16F7-4668-BE54-9A1E7A4F7556}") = "AppTask", "AppTask\AppTask.csproj", "{D7C3D182-2015-4326-96B8-543FFE1C7E78}"
EndProject
Project("{2150E333-8FDC-42A3-9474-1A3956D46DE8}") = "App01", "App01", "{88EB36E3-ECD7-4629-99EA-6FD22BC9FB60}"
EndProject
Project("{9A19103F-16F7-4668-BE54-9A1E7A4F7556}") = "AppTask.Models", "AppTask.Models\AppTask.Models.csproj", "{DA23B35F-C789-4F2E-AD18-ED2A52229F8F}"
EndProject
Project("{9A19103F-16F7-4668-BE54-9A1E7A4F7556}") = "AppTask.DataBase", "AppTask.DataBase\AppTask.DataBase.csproj", "{AC6166EE-7F14-47FF-80D4-E3A6D3841DE0}"
EndProject
Project("{FAE04EC0-301F-11D3-BF4B-00C04F79EFBC}") = "AppTask.DataBase.Migration.RunTime", "AppTask.DataBase.Migration.RunTime\AppTask.DataBase.Migration.RunTime.csproj", "{F830F718-1168-46C3-8382-31F51603E237}"
EndProject
Project("{2150E333-8FDC-42A3-9474-1A3956D46DE8}") = "Util", "Util", "{A8F038F5-0C41-4808-B029-37099696D8D7}"
EndProject
Project("{2150E333-8FDC-42A3-9474-1A3956D46DE8}") = "App06", "App06", "{26D883B2-2B43-4F65-BC7B-B7F9E79D2928}"
EndProject
Project("{9A19103F-16F7-4668-BE54-9A1E7A4F7556}") = "AppMVVM", "AppMVVM\AppMVVM.csproj", "{FAE984F9-B201-4419-96AD-D898D3DEEDEA}"
EndProject
Project("{9A19103F-16F7-4668-BE54-9A1E7A4F7556}") = "AppMVVMCommunityToolkit", "AppMVVMCommunityToolkit\AppMVVMCommunityToolkit.csproj", "{79D00719-E0C1-476F-AF68-407D16DD7A61}"
EndProject
Project("{2150E333-8FDC-42A3-9474-1A3956D46DE8}") = "App07", "App07", "{E9C1FF45-F0BB-44A3-8667-830B5D91A24E}"
EndProject
Project("{9A19103F-16F7-4668-BE54-9A1E7A4F7556}") = "AppShoppingCenter", "AppShoppingCenter\AppShoppingCenter.csproj", "{6A052133-34C8-4A87-823E-A27E49469CE6}"
EndProject
Project("{9A19103F-16F7-4668-BE54-9A1E7A4F7556}") = "AppShoppingCenter.Models", "AppShoppingCenter.Models\AppShoppingCenter.Models.csproj", "{BBD94F8E-D5CA-4D62-ACE2-532DF652075A}"
EndProject
Project("{FAE04EC0-301F-11D3-BF4B-00C04F79EFBC}") = "AppTask.API", "AppTask.API\AppTask.API.csproj", "{69337AC4-44AE-4021-82C0-CF4F3B2D462A}"
EndProject
Global
	GlobalSection(SolutionConfigurationPlatforms) = preSolution
		Debug|Any CPU = Debug|Any CPU
		Release|Any CPU = Release|Any CPU
	EndGlobalSection
	GlobalSection(ProjectConfigurationPlatforms) = postSolution
		{6C6EFA7A-C47E-4E53-A731-3C0270907F37}.Debug|Any CPU.ActiveCfg = Debug|Any CPU
		{6C6EFA7A-C47E-4E53-A731-3C0270907F37}.Debug|Any CPU.Build.0 = Debug|Any CPU
		{6C6EFA7A-C47E-4E53-A731-3C0270907F37}.Debug|Any CPU.Deploy.0 = Debug|Any CPU
		{6C6EFA7A-C47E-4E53-A731-3C0270907F37}.Release|Any CPU.ActiveCfg = Release|Any CPU
		{6C6EFA7A-C47E-4E53-A731-3C0270907F37}.Release|Any CPU.Build.0 = Release|Any CPU
		{6C6EFA7A-C47E-4E53-A731-3C0270907F37}.Release|Any CPU.Deploy.0 = Release|Any CPU
		{D7C3D182-2015-4326-96B8-543FFE1C7E78}.Debug|Any CPU.ActiveCfg = Debug|Any CPU
		{D7C3D182-2015-4326-96B8-543FFE1C7E78}.Debug|Any CPU.Build.0 = Debug|Any CPU
		{D7C3D182-2015-4326-96B8-543FFE1C7E78}.Debug|Any CPU.Deploy.0 = Debug|Any CPU
		{D7C3D182-2015-4326-96B8-543FFE1C7E78}.Release|Any CPU.ActiveCfg = Release|Any CPU
		{D7C3D182-2015-4326-96B8-543FFE1C7E78}.Release|Any CPU.Build.0 = Release|Any CPU
		{D7C3D182-2015-4326-96B8-543FFE1C7E78}.Release|Any CPU.Deploy.0 = Release|Any CPU
		{DA23B35F-C789-4F2E-AD18-ED2A52229F8F}.Debug|Any CPU.ActiveCfg = Debug|Any CPU
		{DA23B35F-C789-4F2E-AD18-ED2A52229F8F}.Debug|Any CPU.Build.0 = Debug|Any CPU
		{DA23B35F-C789-4F2E-AD18-ED2A52229F8F}.Release|Any CPU.ActiveCfg = Release|Any CPU
		{DA23B35F-C789-4F2E-AD18-ED2A52229F8F}.Release|Any CPU.Build.0 = Release|Any CPU
		{AC6166EE-7F14-47FF-80D4-E3A6D3841DE0}.Debug|Any CPU.ActiveCfg = Debug|Any CPU
		{AC6166EE-7F14-47FF-80D4-E3A6D3841DE0}.Debug|Any CPU.Build.0 = Debug|Any CPU
		{AC6166EE-7F14-47FF-80D4-E3A6D3841DE0}.Release|Any CPU.ActiveCfg = Release|Any CPU
		{AC6166EE-7F14-47FF-80D4-E3A6D3841DE0}.Release|Any CPU.Build.0 = Release|Any CPU
		{F830F718-1168-46C3-8382-31F51603E237}.Debug|Any CPU.ActiveCfg = Debug|Any CPU
		{F830F718-1168-46C3-8382-31F51603E237}.Debug|Any CPU.Build.0 = Debug|Any CPU
		{F830F718-1168-46C3-8382-31F51603E237}.Release|Any CPU.ActiveCfg = Release|Any CPU
		{F830F718-1168-46C3-8382-31F51603E237}.Release|Any CPU.Build.0 = Release|Any CPU
		{FAE984F9-B201-4419-96AD-D898D3DEEDEA}.Debug|Any CPU.ActiveCfg = Debug|Any CPU
		{FAE984F9-B201-4419-96AD-D898D3DEEDEA}.Debug|Any CPU.Build.0 = Debug|Any CPU
		{FAE984F9-B201-4419-96AD-D898D3DEEDEA}.Debug|Any CPU.Deploy.0 = Debug|Any CPU
		{FAE984F9-B201-4419-96AD-D898D3DEEDEA}.Release|Any CPU.ActiveCfg = Release|Any CPU
		{FAE984F9-B201-4419-96AD-D898D3DEEDEA}.Release|Any CPU.Build.0 = Release|Any CPU
		{FAE984F9-B201-4419-96AD-D898D3DEEDEA}.Release|Any CPU.Deploy.0 = Release|Any CPU
		{79D00719-E0C1-476F-AF68-407D16DD7A61}.Debug|Any CPU.ActiveCfg = Debug|Any CPU
		{79D00719-E0C1-476F-AF68-407D16DD7A61}.Debug|Any CPU.Build.0 = Debug|Any CPU
		{79D00719-E0C1-476F-AF68-407D16DD7A61}.Debug|Any CPU.Deploy.0 = Debug|Any CPU
		{79D00719-E0C1-476F-AF68-407D16DD7A61}.Release|Any CPU.ActiveCfg = Release|Any CPU
		{79D00719-E0C1-476F-AF68-407D16DD7A61}.Release|Any CPU.Build.0 = Release|Any CPU
		{79D00719-E0C1-476F-AF68-407D16DD7A61}.Release|Any CPU.Deploy.0 = Release|Any CPU
		{6A052133-34C8-4A87-823E-A27E49469CE6}.Debug|Any CPU.ActiveCfg = Debug|Any CPU
		{6A052133-34C8-4A87-823E-A27E49469CE6}.Debug|Any CPU.Build.0 = Debug|Any CPU
		{6A052133-34C8-4A87-823E-A27E49469CE6}.Debug|Any CPU.Deploy.0 = Debug|Any CPU
		{6A052133-34C8-4A87-823E-A27E49469CE6}.Release|Any CPU.ActiveCfg = Release|Any CPU
		{6A052133-34C8-4A87-823E-A27E49469CE6}.Release|Any CPU.Build.0 = Release|Any CPU
		{6A052133-34C8-4A87-823E-A27E49469CE6}.Release|Any CPU.Deploy.0 = Release|Any CPU
		{BBD94F8E-D5CA-4D62-ACE2-532DF652075A}.Debug|Any CPU.ActiveCfg = Debug|Any CPU
		{BBD94F8E-D5CA-4D62-ACE2-532DF652075A}.Debug|Any CPU.Build.0 = Debug|Any CPU
		{BBD94F8E-D5CA-4D62-ACE2-532DF652075A}.Release|Any CPU.ActiveCfg = Release|Any CPU
		{BBD94F8E-D5CA-4D62-ACE2-532DF652075A}.Release|Any CPU.Build.0 = Release|Any CPU
		{69337AC4-44AE-4021-82C0-CF4F3B2D462A}.Debug|Any CPU.ActiveCfg = Debug|Any CPU
		{69337AC4-44AE-4021-82C0-CF4F3B2D462A}.Debug|Any CPU.Build.0 = Debug|Any CPU
		{69337AC4-44AE-4021-82C0-CF4F3B2D462A}.Release|Any CPU.ActiveCfg = Release|Any CPU
		{69337AC4-44AE-4021-82C0-CF4F3B2D462A}.Release|Any CPU.Build.0 = Release|Any CPU
	EndGlobalSection
	GlobalSection(SolutionProperties) = preSolution
		HideSolutionNode = FALSE
	EndGlobalSection
	GlobalSection(NestedProjects) = preSolution
		{6C6EFA7A-C47E-4E53-A731-3C0270907F37} = {88EB36E3-ECD7-4629-99EA-6FD22BC9FB60}
		{D7C3D182-2015-4326-96B8-543FFE1C7E78} = {8D83AA35-6CA7-4B9E-B818-3CEC9D8F7530}
		{DA23B35F-C789-4F2E-AD18-ED2A52229F8F} = {8D83AA35-6CA7-4B9E-B818-3CEC9D8F7530}
		{AC6166EE-7F14-47FF-80D4-E3A6D3841DE0} = {8D83AA35-6CA7-4B9E-B818-3CEC9D8F7530}
		{F830F718-1168-46C3-8382-31F51603E237} = {A8F038F5-0C41-4808-B029-37099696D8D7}
		{A8F038F5-0C41-4808-B029-37099696D8D7} = {8D83AA35-6CA7-4B9E-B818-3CEC9D8F7530}
		{FAE984F9-B201-4419-96AD-D898D3DEEDEA} = {26D883B2-2B43-4F65-BC7B-B7F9E79D2928}
		{79D00719-E0C1-476F-AF68-407D16DD7A61} = {26D883B2-2B43-4F65-BC7B-B7F9E79D2928}
		{6A052133-34C8-4A87-823E-A27E49469CE6} = {E9C1FF45-F0BB-44A3-8667-830B5D91A24E}
		{BBD94F8E-D5CA-4D62-ACE2-532DF652075A} = {E9C1FF45-F0BB-44A3-8667-830B5D91A24E}
		{69337AC4-44AE-4021-82C0-CF4F3B2D462A} = {8D83AA35-6CA7-4B9E-B818-3CEC9D8F7530}
	EndGlobalSection
	GlobalSection(ExtensibilityGlobals) = postSolution
		SolutionGuid = {7C8CEAE1-8BD6-4400-B624-6164478648BF}
	EndGlobalSection
EndGlobal
